
Microsoft Visual Studio Solution File, Format Version 12.00
# Visual Studio Version 16
VisualStudioVersion = 16.0.29613.14
MinimumVisualStudioVersion = 10.0.40219.1
Project("{FAE04EC0-301F-11D3-BF4B-00C04F79EFBC}") = "CpuGpuTool", "CpuGpuTool.csproj", "{F515FABB-26D2-44FC-88BB-632A40B22D7F}"
EndProject
Global
	GlobalSection(SolutionConfigurationPlatforms) = preSolution
		Debug|Any CPU = Debug|Any CPU
		Release|Any CPU = Release|Any CPU
	EndGlobalSection
	GlobalSection(ProjectConfigurationPlatforms) = postSolution
		{F515FABB-26D2-44FC-88BB-632A40B22D7F}.Debug|Any CPU.ActiveCfg = Debug|Any CPU
		{F515FABB-26D2-44FC-88BB-632A40B22D7F}.Debug|Any CPU.Build.0 = Debug|Any CPU
		{F515FABB-26D2-44FC-88BB-632A40B22D7F}.Release|Any CPU.ActiveCfg = Release|Any CPU
		{F515FABB-26D2-44FC-88BB-632A40B22D7F}.Release|Any CPU.Build.0 = Release|Any CPU
	EndGlobalSection
	GlobalSection(SolutionProperties) = preSolution
		HideSolutionNode = FALSE
	EndGlobalSection
	GlobalSection(ExtensibilityGlobals) = postSolution
		SolutionGuid = {9EC0463B-6717-470A-8C71-2596D67E7D3B}
	EndGlobalSection
EndGlobal
